
Microsoft Visual Studio Solution File, Format Version 12.00
# Visual Studio Version 17
VisualStudioVersion = 17.2.32516.85
MinimumVisualStudioVersion = 10.0.40219.1
Project("{FAE04EC0-301F-11D3-BF4B-00C04F79EFBC}") = "Project0", "Project1\Project0.csproj", "{80B62564-DACE-4AFC-B116-0B92656EBD09}"
EndProject
Global
	GlobalSection(SolutionConfigurationPlatforms) = preSolution
		Debug|Any CPU = Debug|Any CPU
		Release|Any CPU = Release|Any CPU
	EndGlobalSection
	GlobalSection(ProjectConfigurationPlatforms) = postSolution
		{80B62564-DACE-4AFC-B116-0B92656EBD09}.Debug|Any CPU.ActiveCfg = Debug|Any CPU
		{80B62564-DACE-4AFC-B116-0B92656EBD09}.Debug|Any CPU.Build.0 = Debug|Any CPU
		{80B62564-DACE-4AFC-B116-0B92656EBD09}.Release|Any CPU.ActiveCfg = Release|Any CPU
		{80B62564-DACE-4AFC-B116-0B92656EBD09}.Release|Any CPU.Build.0 = Release|Any CPU
	EndGlobalSection
	GlobalSection(SolutionProperties) = preSolution
		HideSolutionNode = FALSE
	EndGlobalSection
	GlobalSection(ExtensibilityGlobals) = postSolution
		SolutionGuid = {A7FF3A86-DDAC-4394-A0BE-A831AC6D18E6}
	EndGlobalSection
EndGlobal
